
Microsoft Visual Studio Solution File, Format Version 12.00
# Visual Studio Version 17
VisualStudioVersion = 17.7.34031.279
MinimumVisualStudioVersion = 10.0.40219.1
Project("{9A19103F-16F7-4668-BE54-9A1E7A4F7556}") = "proba", "proba\proba.csproj", "{5F3772C1-A2D2-48F6-8BDE-91BECF8F0372}"
EndProject
Project("{FAE04EC0-301F-11D3-BF4B-00C04F79EFBC}") = "refex", "..\..\task\refex\refex.csproj", "{D0FE21C2-20E6-44F2-B078-72029BF2F9E0}"
EndProject
Project("{FAE04EC0-301F-11D3-BF4B-00C04F79EFBC}") = "ConsoleApp1", "ConsoleApp1\ConsoleApp1.csproj", "{7B92B326-2F88-4E62-99C7-B49B94D89278}"
EndProject
Global
	GlobalSection(SolutionConfigurationPlatforms) = preSolution
		Debug|Any CPU = Debug|Any CPU
		Release|Any CPU = Release|Any CPU
	EndGlobalSection
	GlobalSection(ProjectConfigurationPlatforms) = postSolution
		{5F3772C1-A2D2-48F6-8BDE-91BECF8F0372}.Debug|Any CPU.ActiveCfg = Debug|Any CPU
		{5F3772C1-A2D2-48F6-8BDE-91BECF8F0372}.Debug|Any CPU.Build.0 = Debug|Any CPU
		{5F3772C1-A2D2-48F6-8BDE-91BECF8F0372}.Release|Any CPU.ActiveCfg = Release|Any CPU
		{5F3772C1-A2D2-48F6-8BDE-91BECF8F0372}.Release|Any CPU.Build.0 = Release|Any CPU
		{D0FE21C2-20E6-44F2-B078-72029BF2F9E0}.Debug|Any CPU.ActiveCfg = Debug|Any CPU
		{D0FE21C2-20E6-44F2-B078-72029BF2F9E0}.Debug|Any CPU.Build.0 = Debug|Any CPU
		{D0FE21C2-20E6-44F2-B078-72029BF2F9E0}.Release|Any CPU.ActiveCfg = Release|Any CPU
		{D0FE21C2-20E6-44F2-B078-72029BF2F9E0}.Release|Any CPU.Build.0 = Release|Any CPU
		{7B92B326-2F88-4E62-99C7-B49B94D89278}.Debug|Any CPU.ActiveCfg = Debug|Any CPU
		{7B92B326-2F88-4E62-99C7-B49B94D89278}.Debug|Any CPU.Build.0 = Debug|Any CPU
		{7B92B326-2F88-4E62-99C7-B49B94D89278}.Release|Any CPU.ActiveCfg = Release|Any CPU
		{7B92B326-2F88-4E62-99C7-B49B94D89278}.Release|Any CPU.Build.0 = Release|Any CPU
	EndGlobalSection
	GlobalSection(SolutionProperties) = preSolution
		HideSolutionNode = FALSE
	EndGlobalSection
	GlobalSection(ExtensibilityGlobals) = postSolution
		SolutionGuid = {1BEB98D6-A4E5-44D4-9867-0C9C68977EA0}
	EndGlobalSection
EndGlobal
