
Microsoft Visual Studio Solution File, Format Version 12.00
# Visual Studio Version 17
VisualStudioVersion = 17.7.34031.279
MinimumVisualStudioVersion = 10.0.40219.1
Project("{FAE04EC0-301F-11D3-BF4B-00C04F79EFBC}") = "1.5.1", "1.5.1\1.5.1.csproj", "{67E4C060-3E06-4F09-8BA1-C9E7F900F981}"
EndProject
Global
	GlobalSection(SolutionConfigurationPlatforms) = preSolution
		Debug|Any CPU = Debug|Any CPU
		Release|Any CPU = Release|Any CPU
	EndGlobalSection
	GlobalSection(ProjectConfigurationPlatforms) = postSolution
		{67E4C060-3E06-4F09-8BA1-C9E7F900F981}.Debug|Any CPU.ActiveCfg = Debug|Any CPU
		{67E4C060-3E06-4F09-8BA1-C9E7F900F981}.Debug|Any CPU.Build.0 = Debug|Any CPU
		{67E4C060-3E06-4F09-8BA1-C9E7F900F981}.Release|Any CPU.ActiveCfg = Release|Any CPU
		{67E4C060-3E06-4F09-8BA1-C9E7F900F981}.Release|Any CPU.Build.0 = Release|Any CPU
	EndGlobalSection
	GlobalSection(SolutionProperties) = preSolution
		HideSolutionNode = FALSE
	EndGlobalSection
	GlobalSection(ExtensibilityGlobals) = postSolution
		SolutionGuid = {374B724E-E7D7-43B9-A6E2-513B2575EC5F}
	EndGlobalSection
EndGlobal
