
Microsoft Visual Studio Solution File, Format Version 12.00
# Visual Studio Version 17
VisualStudioVersion = 17.7.34031.279
MinimumVisualStudioVersion = 10.0.40219.1
Project("{FAE04EC0-301F-11D3-BF4B-00C04F79EFBC}") = "fbfdbfb", "fbfdbfb\fbfdbfb.csproj", "{F7147AFD-EBD0-4AA0-8AEC-DD77CD91AE94}"
EndProject
Project("{FAE04EC0-301F-11D3-BF4B-00C04F79EFBC}") = "Calculator", "..\Calculator\Calculator.csproj", "{9F6C4E50-D01D-4B1E-9DF4-62DB097A5DD1}"
EndProject
Global
	GlobalSection(SolutionConfigurationPlatforms) = preSolution
		Debug|Any CPU = Debug|Any CPU
		Release|Any CPU = Release|Any CPU
	EndGlobalSection
	GlobalSection(ProjectConfigurationPlatforms) = postSolution
		{F7147AFD-EBD0-4AA0-8AEC-DD77CD91AE94}.Debug|Any CPU.ActiveCfg = Debug|Any CPU
		{F7147AFD-EBD0-4AA0-8AEC-DD77CD91AE94}.Debug|Any CPU.Build.0 = Debug|Any CPU
		{F7147AFD-EBD0-4AA0-8AEC-DD77CD91AE94}.Release|Any CPU.ActiveCfg = Release|Any CPU
		{F7147AFD-EBD0-4AA0-8AEC-DD77CD91AE94}.Release|Any CPU.Build.0 = Release|Any CPU
		{9F6C4E50-D01D-4B1E-9DF4-62DB097A5DD1}.Debug|Any CPU.ActiveCfg = Debug|Any CPU
		{9F6C4E50-D01D-4B1E-9DF4-62DB097A5DD1}.Debug|Any CPU.Build.0 = Debug|Any CPU
		{9F6C4E50-D01D-4B1E-9DF4-62DB097A5DD1}.Release|Any CPU.ActiveCfg = Release|Any CPU
		{9F6C4E50-D01D-4B1E-9DF4-62DB097A5DD1}.Release|Any CPU.Build.0 = Release|Any CPU
	EndGlobalSection
	GlobalSection(SolutionProperties) = preSolution
		HideSolutionNode = FALSE
	EndGlobalSection
	GlobalSection(ExtensibilityGlobals) = postSolution
		SolutionGuid = {5E37122E-122C-4317-89B0-B10D1B95A62D}
	EndGlobalSection
EndGlobal
